
Microsoft Visual Studio Solution File, Format Version 12.00
# Visual Studio 15
VisualStudioVersion = 15.0.27130.2027
MinimumVisualStudioVersion = 10.0.40219.1
Project("{FAE04EC0-301F-11D3-BF4B-00C04F79EFBC}") = "LearnCsharpOneTimeAndForever", "LearnCsharpOneTimeAndForever\LearnCsharpOneTimeAndForever.csproj", "{07750E68-41B3-4D19-AC62-F24D40875640}"
EndProject
Project("{FAE04EC0-301F-11D3-BF4B-00C04F79EFBC}") = "hello world", "hello world\hello world.csproj", "{94C2BD41-8C11-47DA-B5BF-BA77DA31AD46}"
EndProject
Project("{FAE04EC0-301F-11D3-BF4B-00C04F79EFBC}") = "guessGame", "guessGame\guessGame.csproj", "{ED751DE6-D071-43F1-9FE7-484F603AAFB9}"
EndProject
Project("{FAE04EC0-301F-11D3-BF4B-00C04F79EFBC}") = "MaxOfSerries", "MaxOfSerries\MaxOfSerries.csproj", "{087465EE-933D-4860-B0F4-89E525867843}"
EndProject
Project("{FAE04EC0-301F-11D3-BF4B-00C04F79EFBC}") = "StopWatch", "StopWatch\StopWatch.csproj", "{28E899B5-8686-4FDD-88E5-34E12B33E2F5}"
EndProject
Project("{FAE04EC0-301F-11D3-BF4B-00C04F79EFBC}") = "Polymorphism", "..\..\..\Downloads\CSharpIntermediate\Section5\Polymorphism\Polymorphism\Polymorphism.csproj", "{AA7BEBE3-84E4-44A1-8AA2-EBF2D885FEF6}"
EndProject
Project("{FAE04EC0-301F-11D3-BF4B-00C04F79EFBC}") = "Extensibility", "..\..\..\Downloads\CSharpIntermediate\Section5\Extensibility\Extensibility\Extensibility.csproj", "{3C0FE71E-E007-4388-AD49-7572CE51E543}"
EndProject
Project("{FAE04EC0-301F-11D3-BF4B-00C04F79EFBC}") = "MultipleInheritance", "..\..\..\Downloads\CSharpIntermediate\Section5\MultipleInheritance\MultipleInheritance\MultipleInheritance.csproj", "{E0193741-1342-406D-A784-BB1EC1DF546A}"
EndProject
Project("{FAE04EC0-301F-11D3-BF4B-00C04F79EFBC}") = "Testability", "..\..\..\Downloads\CSharpIntermediate\Section5\Testability\Testability\Testability.csproj", "{126ED8CD-C761-490C-97E2-D15968527CC1}"
EndProject
Project("{FAE04EC0-301F-11D3-BF4B-00C04F79EFBC}") = "Testability.UnitTests", "..\..\..\Downloads\CSharpIntermediate\Section5\Testability\Testability.UnitTests\Testability.UnitTests.csproj", "{92BB2969-80F5-4B38-A361-968BDB5E134F}"
EndProject
Global
	GlobalSection(SolutionConfigurationPlatforms) = preSolution
		Debug|Any CPU = Debug|Any CPU
		Release|Any CPU = Release|Any CPU
	EndGlobalSection
	GlobalSection(ProjectConfigurationPlatforms) = postSolution
		{07750E68-41B3-4D19-AC62-F24D40875640}.Debug|Any CPU.ActiveCfg = Debug|Any CPU
		{07750E68-41B3-4D19-AC62-F24D40875640}.Debug|Any CPU.Build.0 = Debug|Any CPU
		{07750E68-41B3-4D19-AC62-F24D40875640}.Release|Any CPU.ActiveCfg = Release|Any CPU
		{07750E68-41B3-4D19-AC62-F24D40875640}.Release|Any CPU.Build.0 = Release|Any CPU
		{94C2BD41-8C11-47DA-B5BF-BA77DA31AD46}.Debug|Any CPU.ActiveCfg = Debug|Any CPU
		{94C2BD41-8C11-47DA-B5BF-BA77DA31AD46}.Debug|Any CPU.Build.0 = Debug|Any CPU
		{94C2BD41-8C11-47DA-B5BF-BA77DA31AD46}.Release|Any CPU.ActiveCfg = Release|Any CPU
		{94C2BD41-8C11-47DA-B5BF-BA77DA31AD46}.Release|Any CPU.Build.0 = Release|Any CPU
		{ED751DE6-D071-43F1-9FE7-484F603AAFB9}.Debug|Any CPU.ActiveCfg = Debug|Any CPU
		{ED751DE6-D071-43F1-9FE7-484F603AAFB9}.Debug|Any CPU.Build.0 = Debug|Any CPU
		{ED751DE6-D071-43F1-9FE7-484F603AAFB9}.Release|Any CPU.ActiveCfg = Release|Any CPU
		{ED751DE6-D071-43F1-9FE7-484F603AAFB9}.Release|Any CPU.Build.0 = Release|Any CPU
		{087465EE-933D-4860-B0F4-89E525867843}.Debug|Any CPU.ActiveCfg = Debug|Any CPU
		{087465EE-933D-4860-B0F4-89E525867843}.Debug|Any CPU.Build.0 = Debug|Any CPU
		{087465EE-933D-4860-B0F4-89E525867843}.Release|Any CPU.ActiveCfg = Release|Any CPU
		{087465EE-933D-4860-B0F4-89E525867843}.Release|Any CPU.Build.0 = Release|Any CPU
		{28E899B5-8686-4FDD-88E5-34E12B33E2F5}.Debug|Any CPU.ActiveCfg = Debug|Any CPU
		{28E899B5-8686-4FDD-88E5-34E12B33E2F5}.Debug|Any CPU.Build.0 = Debug|Any CPU
		{28E899B5-8686-4FDD-88E5-34E12B33E2F5}.Release|Any CPU.ActiveCfg = Release|Any CPU
		{28E899B5-8686-4FDD-88E5-34E12B33E2F5}.Release|Any CPU.Build.0 = Release|Any CPU
		{AA7BEBE3-84E4-44A1-8AA2-EBF2D885FEF6}.Debug|Any CPU.ActiveCfg = Debug|Any CPU
		{AA7BEBE3-84E4-44A1-8AA2-EBF2D885FEF6}.Debug|Any CPU.Build.0 = Debug|Any CPU
		{AA7BEBE3-84E4-44A1-8AA2-EBF2D885FEF6}.Release|Any CPU.ActiveCfg = Release|Any CPU
		{AA7BEBE3-84E4-44A1-8AA2-EBF2D885FEF6}.Release|Any CPU.Build.0 = Release|Any CPU
		{3C0FE71E-E007-4388-AD49-7572CE51E543}.Debug|Any CPU.ActiveCfg = Debug|Any CPU
		{3C0FE71E-E007-4388-AD49-7572CE51E543}.Debug|Any CPU.Build.0 = Debug|Any CPU
		{3C0FE71E-E007-4388-AD49-7572CE51E543}.Release|Any CPU.ActiveCfg = Release|Any CPU
		{3C0FE71E-E007-4388-AD49-7572CE51E543}.Release|Any CPU.Build.0 = Release|Any CPU
		{E0193741-1342-406D-A784-BB1EC1DF546A}.Debug|Any CPU.ActiveCfg = Debug|Any CPU
		{E0193741-1342-406D-A784-BB1EC1DF546A}.Debug|Any CPU.Build.0 = Debug|Any CPU
		{E0193741-1342-406D-A784-BB1EC1DF546A}.Release|Any CPU.ActiveCfg = Release|Any CPU
		{E0193741-1342-406D-A784-BB1EC1DF546A}.Release|Any CPU.Build.0 = Release|Any CPU
		{126ED8CD-C761-490C-97E2-D15968527CC1}.Debug|Any CPU.ActiveCfg = Debug|Any CPU
		{126ED8CD-C761-490C-97E2-D15968527CC1}.Debug|Any CPU.Build.0 = Debug|Any CPU
		{126ED8CD-C761-490C-97E2-D15968527CC1}.Release|Any CPU.ActiveCfg = Release|Any CPU
		{126ED8CD-C761-490C-97E2-D15968527CC1}.Release|Any CPU.Build.0 = Release|Any CPU
		{92BB2969-80F5-4B38-A361-968BDB5E134F}.Debug|Any CPU.ActiveCfg = Debug|Any CPU
		{92BB2969-80F5-4B38-A361-968BDB5E134F}.Debug|Any CPU.Build.0 = Debug|Any CPU
		{92BB2969-80F5-4B38-A361-968BDB5E134F}.Release|Any CPU.ActiveCfg = Release|Any CPU
		{92BB2969-80F5-4B38-A361-968BDB5E134F}.Release|Any CPU.Build.0 = Release|Any CPU
	EndGlobalSection
	GlobalSection(SolutionProperties) = preSolution
		HideSolutionNode = FALSE
	EndGlobalSection
	GlobalSection(ExtensibilityGlobals) = postSolution
		SolutionGuid = {B32A1575-BF9E-4ECC-A467-819ED1FD9B47}
	EndGlobalSection
EndGlobal
